
Microsoft Visual Studio Solution File, Format Version 12.00
# Visual Studio Version 17
VisualStudioVersion = 17.14.36915.13 d17.14
MinimumVisualStudioVersion = 10.0.40219.1
Project("{FAE04EC0-301F-11D3-BF4B-00C04F79EFBC}") = "ParsecClipboardIsolator", "ParsecClipboardIsolator\ParsecClipboardIsolator.csproj", "{003D3A9D-B03D-4C03-8C34-0CA9A3249D68}"
EndProject
Global
	GlobalSection(SolutionConfigurationPlatforms) = preSolution
		Debug|Any CPU = Debug|Any CPU
		Release|Any CPU = Release|Any CPU
	EndGlobalSection
	GlobalSection(ProjectConfigurationPlatforms) = postSolution
		{003D3A9D-B03D-4C03-8C34-0CA9A3249D68}.Debug|Any CPU.ActiveCfg = Debug|Any CPU
		{003D3A9D-B03D-4C03-8C34-0CA9A3249D68}.Debug|Any CPU.Build.0 = Debug|Any CPU
		{003D3A9D-B03D-4C03-8C34-0CA9A3249D68}.Release|Any CPU.ActiveCfg = Release|Any CPU
		{003D3A9D-B03D-4C03-8C34-0CA9A3249D68}.Release|Any CPU.Build.0 = Release|Any CPU
	EndGlobalSection
	GlobalSection(SolutionProperties) = preSolution
		HideSolutionNode = FALSE
	EndGlobalSection
	GlobalSection(ExtensibilityGlobals) = postSolution
		SolutionGuid = {3E242B57-E6FE-4D82-B035-C1D24D65295A}
	EndGlobalSection
EndGlobal
